
Microsoft Visual Studio Solution File, Format Version 12.00
# Visual Studio Version 17
VisualStudioVersion = 17.13.35828.75 d17.13
MinimumVisualStudioVersion = 10.0.40219.1
Project("{FAE04EC0-301F-11D3-BF4B-00C04F79EFBC}") = "Task3", "Task3\Task3.csproj", "{D180A257-B105-4724-A36E-F0BEA7D46876}"
EndProject
Global
	GlobalSection(SolutionConfigurationPlatforms) = preSolution
		Debug|Any CPU = Debug|Any CPU
		Release|Any CPU = Release|Any CPU
	EndGlobalSection
	GlobalSection(ProjectConfigurationPlatforms) = postSolution
		{D180A257-B105-4724-A36E-F0BEA7D46876}.Debug|Any CPU.ActiveCfg = Debug|Any CPU
		{D180A257-B105-4724-A36E-F0BEA7D46876}.Debug|Any CPU.Build.0 = Debug|Any CPU
		{D180A257-B105-4724-A36E-F0BEA7D46876}.Release|Any CPU.ActiveCfg = Release|Any CPU
		{D180A257-B105-4724-A36E-F0BEA7D46876}.Release|Any CPU.Build.0 = Release|Any CPU
	EndGlobalSection
	GlobalSection(SolutionProperties) = preSolution
		HideSolutionNode = FALSE
	EndGlobalSection
	GlobalSection(ExtensibilityGlobals) = postSolution
		SolutionGuid = {DD74C514-F6C2-49CC-B7B3-AB4A6B15D8BE}
	EndGlobalSection
EndGlobal
